{
  "name": "express-validator",
  "version": "1.0.0",
  "lockfileVersion": 1,
  "requires": true,
  "dependencies": {
    "@types/body-parser": {
      "version": "1.19.0",
      "resolved": "https://registry.npmjs.org/@types/body-parser/-/body-parser-1.19.0.tgz",
      "integrity": "sha512-W98JrE0j2K78swW4ukqMleo8R7h/pFETjM2DQ90MF6XK2i4LO4W3gQ71Lt4w3bfm2EvVSyWHplECvB5sK22yFQ==",
      "requires": {
        "@types/connect": "*",
        "@types/node": "*"
      }
    },
    "@types/connect": {
      "version": "3.4.33",
      "resolved": "https://registry.npmjs.org/@types/connect/-/connect-3.4.33.tgz",
      "integrity": "sha512-2+FrkXY4zllzTNfJth7jOqEHC+enpLeGslEhpnTAkg21GkRrWV4SsAtqchtT4YS9/nODBU2/ZfsBY2X4J/dX7A==",
      "requires": {
        "@types/node": "*"
      }
    },
    "@types/express": {
      "version": "4.17.6",
      "resolved": "https://registry.npmjs.org/@types/express/-/express-4.17.6.tgz",
      "integrity": "sha512-n/mr9tZI83kd4azlPG5y997C/M4DNABK9yErhFM6hKdym4kkmd9j0vtsJyjFIwfRBxtrxZtAfGZCNRIBMFLK5w==",
      "requires": {
        "@types/body-parser": "*",
        "@types/express-serve-static-core": "*",
        "@types/qs": "*",
        "@types/serve-static": "*"
      }
    },
    "@types/express-serve-static-core": {
      "version": "4.17.8",
      "resolved": "https://registry.npmjs.org/@types/express-serve-static-core/-/express-serve-static-core-4.17.8.tgz",
      "integrity": "sha512-1SJZ+R3Q/7mLkOD9ewCBDYD2k0WyZQtWYqF/2VvoNN2/uhI49J9CDN4OAm+wGMA0DbArA4ef27xl4+JwMtGggw==",
      "requires": {
        "@types/node": "*",
        "@types/qs": "*",
        "@types/range-parser": "*"
      }
    },
    "@types/joi": {
      "version": "14.3.4",
      "resolved": "https://registry.npmjs.org/@types/joi/-/joi-14.3.4.tgz",
      "integrity": "sha512-1TQNDJvIKlgYXGNIABfgFp9y0FziDpuGrd799Q5RcnsDu+krD+eeW/0Fs5PHARvWWFelOhIG2OPCo6KbadBM4A=="
    },
    "@types/mime": {
      "version": "2.0.2",
      "resolved": "https://registry.npmjs.org/@types/mime/-/mime-2.0.2.tgz",
      "integrity": "sha512-4kPlzbljFcsttWEq6aBW0OZe6BDajAmyvr2xknBG92tejQnvdGtT9+kXSZ580DqpxY9qG2xeQVF9Dq0ymUTo5Q=="
    },
    "@types/node": {
      "version": "14.0.14",
      "resolved": "https://registry.npmjs.org/@types/node/-/node-14.0.14.tgz",
      "integrity": "sha512-syUgf67ZQpaJj01/tRTknkMNoBBLWJOBODF0Zm4NrXmiSuxjymFrxnTu1QVYRubhVkRcZLYZG8STTwJRdVm/WQ=="
    },
    "@types/qs": {
      "version": "6.9.3",
      "resolved": "https://registry.npmjs.org/@types/qs/-/qs-6.9.3.tgz",
      "integrity": "sha512-7s9EQWupR1fTc2pSMtXRQ9w9gLOcrJn+h7HOXw4evxyvVqMi4f+q7d2tnFe3ng3SNHjtK+0EzGMGFUQX4/AQRA=="
    },
    "@types/range-parser": {
      "version": "1.2.3",
      "resolved": "https://registry.npmjs.org/@types/range-parser/-/range-parser-1.2.3.tgz",
      "integrity": "sha512-ewFXqrQHlFsgc09MK5jP5iR7vumV/BYayNC6PgJO2LPe8vrnNFyjQjSppfEngITi0qvfKtzFvgKymGheFM9UOA=="
    },
    "@types/serve-static": {
      "version": "1.13.4",
      "resolved": "https://registry.npmjs.org/@types/serve-static/-/serve-static-1.13.4.tgz",
      "integrity": "sha512-jTDt0o/YbpNwZbQmE/+2e+lfjJEJJR0I3OFaKQKPWkASkCoW3i6fsUnqudSMcNAfbtmADGu8f4MV4q+GqULmug==",
      "requires": {
        "@types/express-serve-static-core": "*",
        "@types/mime": "*"
      }
    },
    "hoek": {
      "version": "6.1.3",
      "resolved": "https://registry.npmjs.org/hoek/-/hoek-6.1.3.tgz",
      "integrity": "sha512-YXXAAhmF9zpQbC7LEcREFtXfGq5K1fmd+4PHkBq8NUqmzW3G+Dq10bI/i0KucLRwss3YYFQ0fSfoxBZYiGUqtQ=="
    },
    "isemail": {
      "version": "3.2.0",
      "resolved": "https://registry.npmjs.org/isemail/-/isemail-3.2.0.tgz",
      "integrity": "sha512-zKqkK+O+dGqevc93KNsbZ/TqTUFd46MwWjYOoMrjIMZ51eU7DtQG3Wmd9SQQT7i7RVnuTPEiYEWHU3MSbxC1Tg==",
      "requires": {
        "punycode": "2.x.x"
      }
    },
    "joi": {
      "version": "14.3.1",
      "resolved": "https://registry.npmjs.org/joi/-/joi-14.3.1.tgz",
      "integrity": "sha512-LQDdM+pkOrpAn4Lp+neNIFV3axv1Vna3j38bisbQhETPMANYRbFJFUyOZcOClYvM/hppMhGWuKSFEK9vjrB+bQ==",
      "requires": {
        "hoek": "6.x.x",
        "isemail": "3.x.x",
        "topo": "3.x.x"
      }
    },
    "punycode": {
      "version": "2.1.1",
      "resolved": "https://registry.npmjs.org/punycode/-/punycode-2.1.1.tgz",
      "integrity": "sha512-XRsRjdf+j5ml+y/6GKHPZbrF/8p2Yga0JPtdqTIY2Xe5ohJPD9saDJJLPvp9+NSBprVvevdXZybnj2cv8OEd0A=="
    },
    "topo": {
      "version": "3.0.3",
      "resolved": "https://registry.npmjs.org/topo/-/topo-3.0.3.tgz",
      "integrity": "sha512-IgpPtvD4kjrJ7CRA3ov2FhWQADwv+Tdqbsf1ZnPUSAtCJ9e1Z44MmoSGDXGk4IppoZA7jd/QRkNddlLJWlUZsQ==",
      "requires": {
        "hoek": "6.x.x"
      }
    }
  }
}
